
Microsoft Visual Studio Solution File, Format Version 12.00
# Visual Studio Version 16
VisualStudioVersion = 16.0.30413.136
MinimumVisualStudioVersion = 10.0.40219.1
Project("{FAE04EC0-301F-11D3-BF4B-00C04F79EFBC}") = "Ejercicio01", "Ejercicio01\Ejercicio01.csproj", "{43AE0AE5-4EB3-4B7E-B1D8-09253E1E19E2}"
EndProject
Project("{FAE04EC0-301F-11D3-BF4B-00C04F79EFBC}") = "Ejercicio02", "Ejercicio02\Ejercicio02.csproj", "{F92EF13B-3473-4CC2-B4C5-803F6A128714}"
EndProject
Project("{FAE04EC0-301F-11D3-BF4B-00C04F79EFBC}") = "Ejercicio03", "Ejercicio03\Ejercicio03.csproj", "{FBF565CC-F136-4DDA-80FD-42D7C065B1CE}"
EndProject
Project("{FAE04EC0-301F-11D3-BF4B-00C04F79EFBC}") = "Ejercicio04", "Ejercicio04\Ejercicio04.csproj", "{660E6A6F-0950-47BA-941B-C0D56683884B}"
EndProject
Project("{FAE04EC0-301F-11D3-BF4B-00C04F79EFBC}") = "Ejercicio05", "Ejercicio05\Ejercicio05.csproj", "{AAA80B67-4B38-49CC-81A0-3951233AB17A}"
EndProject
Project("{FAE04EC0-301F-11D3-BF4B-00C04F79EFBC}") = "Ejercicio06", "Ejercicio06\Ejercicio06.csproj", "{02C9EC2D-D2C6-4D88-9BCF-569F60D230C1}"
EndProject
Project("{FAE04EC0-301F-11D3-BF4B-00C04F79EFBC}") = "Ejercicio07", "Ejercicio07\Ejercicio07.csproj", "{9F89D15C-8D8C-4238-91F4-0E21FBC99BDA}"
EndProject
Project("{FAE04EC0-301F-11D3-BF4B-00C04F79EFBC}") = "Ejercicio08", "Ejercicio08\Ejercicio08.csproj", "{46AE780B-E7E2-48B4-8A6C-FD695D5CF015}"
EndProject
Project("{FAE04EC0-301F-11D3-BF4B-00C04F79EFBC}") = "Ejercicio09", "Ejercicio09\Ejercicio09.csproj", "{47F89B86-FC04-4BA2-BBCC-8897DCB647D4}"
EndProject
Project("{FAE04EC0-301F-11D3-BF4B-00C04F79EFBC}") = "Ejercicio10", "Ejercicio10\Ejercicio10.csproj", "{90B9AD5F-BCCA-4F4D-A387-10AD6CF76DDA}"
EndProject
Project("{FAE04EC0-301F-11D3-BF4B-00C04F79EFBC}") = "Ejercicio11", "Ejercicio11\Ejercicio11.csproj", "{50A36187-DECF-4EFF-BEA2-7711DD0A9E1B}"
EndProject
Project("{FAE04EC0-301F-11D3-BF4B-00C04F79EFBC}") = "Ejercicio12", "Ejercicio12\Ejercicio12.csproj", "{5CCE6DD7-7122-4CF1-B0A3-81BAFD78695C}"
EndProject
Project("{FAE04EC0-301F-11D3-BF4B-00C04F79EFBC}") = "Ejercicio13", "Ejercicio13\Ejercicio13.csproj", "{F8BF6AD5-539C-49CD-AA8C-32AFA814DBD1}"
EndProject
Project("{FAE04EC0-301F-11D3-BF4B-00C04F79EFBC}") = "Ejercicio14", "Ejercicio14\Ejercicio14.csproj", "{499043D0-CAA3-48B7-8517-12CAD0E54EF2}"
EndProject
Project("{FAE04EC0-301F-11D3-BF4B-00C04F79EFBC}") = "Ejercicio15", "Ejercicio15\Ejercicio15.csproj", "{9A437AFE-2DDF-4FDD-B9E7-17C5464AF683}"
EndProject
Project("{FAE04EC0-301F-11D3-BF4B-00C04F79EFBC}") = "Ejercicio16", "Ejercicio16\Ejercicio16.csproj", "{B3A986E9-2238-488F-B62F-92DB2C4308EB}"
EndProject
Project("{FAE04EC0-301F-11D3-BF4B-00C04F79EFBC}") = "Ejercicio17", "Ejercicio17\Ejercicio17.csproj", "{5716D44F-AE8E-4323-A746-97B87F3CFE5F}"
EndProject
Project("{FAE04EC0-301F-11D3-BF4B-00C04F79EFBC}") = "Ejercicio18", "Ejercicio18\Ejercicio18.csproj", "{A48A1162-95D0-4045-933C-0D91D01FC622}"
EndProject
Project("{FAE04EC0-301F-11D3-BF4B-00C04F79EFBC}") = "Ejercicio19", "Ejercicio19\Ejercicio19.csproj", "{666A6B69-4588-42BC-AFD3-A15359D99CAF}"
EndProject
Project("{FAE04EC0-301F-11D3-BF4B-00C04F79EFBC}") = "Ejercicio20", "Ejercicio20\Ejercicio20.csproj", "{FD0E6965-072C-40DC-A835-FF6CB0A1956B}"
EndProject
Project("{FAE04EC0-301F-11D3-BF4B-00C04F79EFBC}") = "Ejercicio22", "Ejercicio22\Ejercicio22.csproj", "{04D8C29C-A55E-4DC4-89CE-809411850336}"
EndProject
Project("{FAE04EC0-301F-11D3-BF4B-00C04F79EFBC}") = "EjercicioSobrecargasOpSlack", "EjercicioSobrecargasOpSlack\EjercicioSobrecargasOpSlack.csproj", "{BF179175-5B97-4D5A-8372-F10B7D7CA397}"
EndProject
Project("{FAE04EC0-301F-11D3-BF4B-00C04F79EFBC}") = "Moneda", "Moneda\Moneda.csproj", "{6AE9DC9D-19DA-4D1F-88B2-03C90A78715D}"
EndProject
Project("{FAE04EC0-301F-11D3-BF4B-00C04F79EFBC}") = "Ejercicio23", "Ejercicio23\Ejercicio23.csproj", "{19B1FE30-54FA-44D7-A112-A7C174EDF004}"
EndProject
Global
	GlobalSection(SolutionConfigurationPlatforms) = preSolution
		Debug|Any CPU = Debug|Any CPU
		Release|Any CPU = Release|Any CPU
	EndGlobalSection
	GlobalSection(ProjectConfigurationPlatforms) = postSolution
		{43AE0AE5-4EB3-4B7E-B1D8-09253E1E19E2}.Debug|Any CPU.ActiveCfg = Debug|Any CPU
		{43AE0AE5-4EB3-4B7E-B1D8-09253E1E19E2}.Debug|Any CPU.Build.0 = Debug|Any CPU
		{43AE0AE5-4EB3-4B7E-B1D8-09253E1E19E2}.Release|Any CPU.ActiveCfg = Release|Any CPU
		{43AE0AE5-4EB3-4B7E-B1D8-09253E1E19E2}.Release|Any CPU.Build.0 = Release|Any CPU
		{F92EF13B-3473-4CC2-B4C5-803F6A128714}.Debug|Any CPU.ActiveCfg = Debug|Any CPU
		{F92EF13B-3473-4CC2-B4C5-803F6A128714}.Debug|Any CPU.Build.0 = Debug|Any CPU
		{F92EF13B-3473-4CC2-B4C5-803F6A128714}.Release|Any CPU.ActiveCfg = Release|Any CPU
		{F92EF13B-3473-4CC2-B4C5-803F6A128714}.Release|Any CPU.Build.0 = Release|Any CPU
		{FBF565CC-F136-4DDA-80FD-42D7C065B1CE}.Debug|Any CPU.ActiveCfg = Debug|Any CPU
		{FBF565CC-F136-4DDA-80FD-42D7C065B1CE}.Debug|Any CPU.Build.0 = Debug|Any CPU
		{FBF565CC-F136-4DDA-80FD-42D7C065B1CE}.Release|Any CPU.ActiveCfg = Release|Any CPU
		{FBF565CC-F136-4DDA-80FD-42D7C065B1CE}.Release|Any CPU.Build.0 = Release|Any CPU
		{660E6A6F-0950-47BA-941B-C0D56683884B}.Debug|Any CPU.ActiveCfg = Debug|Any CPU
		{660E6A6F-0950-47BA-941B-C0D56683884B}.Debug|Any CPU.Build.0 = Debug|Any CPU
		{660E6A6F-0950-47BA-941B-C0D56683884B}.Release|Any CPU.ActiveCfg = Release|Any CPU
		{660E6A6F-0950-47BA-941B-C0D56683884B}.Release|Any CPU.Build.0 = Release|Any CPU
		{AAA80B67-4B38-49CC-81A0-3951233AB17A}.Debug|Any CPU.ActiveCfg = Debug|Any CPU
		{AAA80B67-4B38-49CC-81A0-3951233AB17A}.Debug|Any CPU.Build.0 = Debug|Any CPU
		{AAA80B67-4B38-49CC-81A0-3951233AB17A}.Release|Any CPU.ActiveCfg = Release|Any CPU
		{AAA80B67-4B38-49CC-81A0-3951233AB17A}.Release|Any CPU.Build.0 = Release|Any CPU
		{02C9EC2D-D2C6-4D88-9BCF-569F60D230C1}.Debug|Any CPU.ActiveCfg = Debug|Any CPU
		{02C9EC2D-D2C6-4D88-9BCF-569F60D230C1}.Debug|Any CPU.Build.0 = Debug|Any CPU
		{02C9EC2D-D2C6-4D88-9BCF-569F60D230C1}.Release|Any CPU.ActiveCfg = Release|Any CPU
		{02C9EC2D-D2C6-4D88-9BCF-569F60D230C1}.Release|Any CPU.Build.0 = Release|Any CPU
		{9F89D15C-8D8C-4238-91F4-0E21FBC99BDA}.Debug|Any CPU.ActiveCfg = Debug|Any CPU
		{9F89D15C-8D8C-4238-91F4-0E21FBC99BDA}.Debug|Any CPU.Build.0 = Debug|Any CPU
		{9F89D15C-8D8C-4238-91F4-0E21FBC99BDA}.Release|Any CPU.ActiveCfg = Release|Any CPU
		{9F89D15C-8D8C-4238-91F4-0E21FBC99BDA}.Release|Any CPU.Build.0 = Release|Any CPU
		{46AE780B-E7E2-48B4-8A6C-FD695D5CF015}.Debug|Any CPU.ActiveCfg = Debug|Any CPU
		{46AE780B-E7E2-48B4-8A6C-FD695D5CF015}.Debug|Any CPU.Build.0 = Debug|Any CPU
		{46AE780B-E7E2-48B4-8A6C-FD695D5CF015}.Release|Any CPU.ActiveCfg = Release|Any CPU
		{46AE780B-E7E2-48B4-8A6C-FD695D5CF015}.Release|Any CPU.Build.0 = Release|Any CPU
		{47F89B86-FC04-4BA2-BBCC-8897DCB647D4}.Debug|Any CPU.ActiveCfg = Debug|Any CPU
		{47F89B86-FC04-4BA2-BBCC-8897DCB647D4}.Debug|Any CPU.Build.0 = Debug|Any CPU
		{47F89B86-FC04-4BA2-BBCC-8897DCB647D4}.Release|Any CPU.ActiveCfg = Release|Any CPU
		{47F89B86-FC04-4BA2-BBCC-8897DCB647D4}.Release|Any CPU.Build.0 = Release|Any CPU
		{90B9AD5F-BCCA-4F4D-A387-10AD6CF76DDA}.Debug|Any CPU.ActiveCfg = Debug|Any CPU
		{90B9AD5F-BCCA-4F4D-A387-10AD6CF76DDA}.Debug|Any CPU.Build.0 = Debug|Any CPU
		{90B9AD5F-BCCA-4F4D-A387-10AD6CF76DDA}.Release|Any CPU.ActiveCfg = Release|Any CPU
		{90B9AD5F-BCCA-4F4D-A387-10AD6CF76DDA}.Release|Any CPU.Build.0 = Release|Any CPU
		{50A36187-DECF-4EFF-BEA2-7711DD0A9E1B}.Debug|Any CPU.ActiveCfg = Debug|Any CPU
		{50A36187-DECF-4EFF-BEA2-7711DD0A9E1B}.Debug|Any CPU.Build.0 = Debug|Any CPU
		{50A36187-DECF-4EFF-BEA2-7711DD0A9E1B}.Release|Any CPU.ActiveCfg = Release|Any CPU
		{50A36187-DECF-4EFF-BEA2-7711DD0A9E1B}.Release|Any CPU.Build.0 = Release|Any CPU
		{5CCE6DD7-7122-4CF1-B0A3-81BAFD78695C}.Debug|Any CPU.ActiveCfg = Debug|Any CPU
		{5CCE6DD7-7122-4CF1-B0A3-81BAFD78695C}.Debug|Any CPU.Build.0 = Debug|Any CPU
		{5CCE6DD7-7122-4CF1-B0A3-81BAFD78695C}.Release|Any CPU.ActiveCfg = Release|Any CPU
		{5CCE6DD7-7122-4CF1-B0A3-81BAFD78695C}.Release|Any CPU.Build.0 = Release|Any CPU
		{F8BF6AD5-539C-49CD-AA8C-32AFA814DBD1}.Debug|Any CPU.ActiveCfg = Debug|Any CPU
		{F8BF6AD5-539C-49CD-AA8C-32AFA814DBD1}.Debug|Any CPU.Build.0 = Debug|Any CPU
		{F8BF6AD5-539C-49CD-AA8C-32AFA814DBD1}.Release|Any CPU.ActiveCfg = Release|Any CPU
		{F8BF6AD5-539C-49CD-AA8C-32AFA814DBD1}.Release|Any CPU.Build.0 = Release|Any CPU
		{499043D0-CAA3-48B7-8517-12CAD0E54EF2}.Debug|Any CPU.ActiveCfg = Debug|Any CPU
		{499043D0-CAA3-48B7-8517-12CAD0E54EF2}.Debug|Any CPU.Build.0 = Debug|Any CPU
		{499043D0-CAA3-48B7-8517-12CAD0E54EF2}.Release|Any CPU.ActiveCfg = Release|Any CPU
		{499043D0-CAA3-48B7-8517-12CAD0E54EF2}.Release|Any CPU.Build.0 = Release|Any CPU
		{9A437AFE-2DDF-4FDD-B9E7-17C5464AF683}.Debug|Any CPU.ActiveCfg = Debug|Any CPU
		{9A437AFE-2DDF-4FDD-B9E7-17C5464AF683}.Debug|Any CPU.Build.0 = Debug|Any CPU
		{9A437AFE-2DDF-4FDD-B9E7-17C5464AF683}.Release|Any CPU.ActiveCfg = Release|Any CPU
		{9A437AFE-2DDF-4FDD-B9E7-17C5464AF683}.Release|Any CPU.Build.0 = Release|Any CPU
		{B3A986E9-2238-488F-B62F-92DB2C4308EB}.Debug|Any CPU.ActiveCfg = Debug|Any CPU
		{B3A986E9-2238-488F-B62F-92DB2C4308EB}.Debug|Any CPU.Build.0 = Debug|Any CPU
		{B3A986E9-2238-488F-B62F-92DB2C4308EB}.Release|Any CPU.ActiveCfg = Release|Any CPU
		{B3A986E9-2238-488F-B62F-92DB2C4308EB}.Release|Any CPU.Build.0 = Release|Any CPU
		{5716D44F-AE8E-4323-A746-97B87F3CFE5F}.Debug|Any CPU.ActiveCfg = Debug|Any CPU
		{5716D44F-AE8E-4323-A746-97B87F3CFE5F}.Debug|Any CPU.Build.0 = Debug|Any CPU
		{5716D44F-AE8E-4323-A746-97B87F3CFE5F}.Release|Any CPU.ActiveCfg = Release|Any CPU
		{5716D44F-AE8E-4323-A746-97B87F3CFE5F}.Release|Any CPU.Build.0 = Release|Any CPU
		{A48A1162-95D0-4045-933C-0D91D01FC622}.Debug|Any CPU.ActiveCfg = Debug|Any CPU
		{A48A1162-95D0-4045-933C-0D91D01FC622}.Debug|Any CPU.Build.0 = Debug|Any CPU
		{A48A1162-95D0-4045-933C-0D91D01FC622}.Release|Any CPU.ActiveCfg = Release|Any CPU
		{A48A1162-95D0-4045-933C-0D91D01FC622}.Release|Any CPU.Build.0 = Release|Any CPU
		{666A6B69-4588-42BC-AFD3-A15359D99CAF}.Debug|Any CPU.ActiveCfg = Debug|Any CPU
		{666A6B69-4588-42BC-AFD3-A15359D99CAF}.Debug|Any CPU.Build.0 = Debug|Any CPU
		{666A6B69-4588-42BC-AFD3-A15359D99CAF}.Release|Any CPU.ActiveCfg = Release|Any CPU
		{666A6B69-4588-42BC-AFD3-A15359D99CAF}.Release|Any CPU.Build.0 = Release|Any CPU
		{FD0E6965-072C-40DC-A835-FF6CB0A1956B}.Debug|Any CPU.ActiveCfg = Debug|Any CPU
		{FD0E6965-072C-40DC-A835-FF6CB0A1956B}.Debug|Any CPU.Build.0 = Debug|Any CPU
		{FD0E6965-072C-40DC-A835-FF6CB0A1956B}.Release|Any CPU.ActiveCfg = Release|Any CPU
		{FD0E6965-072C-40DC-A835-FF6CB0A1956B}.Release|Any CPU.Build.0 = Release|Any CPU
		{04D8C29C-A55E-4DC4-89CE-809411850336}.Debug|Any CPU.ActiveCfg = Debug|Any CPU
		{04D8C29C-A55E-4DC4-89CE-809411850336}.Debug|Any CPU.Build.0 = Debug|Any CPU
		{04D8C29C-A55E-4DC4-89CE-809411850336}.Release|Any CPU.ActiveCfg = Release|Any CPU
		{04D8C29C-A55E-4DC4-89CE-809411850336}.Release|Any CPU.Build.0 = Release|Any CPU
		{BF179175-5B97-4D5A-8372-F10B7D7CA397}.Debug|Any CPU.ActiveCfg = Debug|Any CPU
		{BF179175-5B97-4D5A-8372-F10B7D7CA397}.Debug|Any CPU.Build.0 = Debug|Any CPU
		{BF179175-5B97-4D5A-8372-F10B7D7CA397}.Release|Any CPU.ActiveCfg = Release|Any CPU
		{BF179175-5B97-4D5A-8372-F10B7D7CA397}.Release|Any CPU.Build.0 = Release|Any CPU
		{6AE9DC9D-19DA-4D1F-88B2-03C90A78715D}.Debug|Any CPU.ActiveCfg = Debug|Any CPU
		{6AE9DC9D-19DA-4D1F-88B2-03C90A78715D}.Debug|Any CPU.Build.0 = Debug|Any CPU
		{6AE9DC9D-19DA-4D1F-88B2-03C90A78715D}.Release|Any CPU.ActiveCfg = Release|Any CPU
		{6AE9DC9D-19DA-4D1F-88B2-03C90A78715D}.Release|Any CPU.Build.0 = Release|Any CPU
		{19B1FE30-54FA-44D7-A112-A7C174EDF004}.Debug|Any CPU.ActiveCfg = Debug|Any CPU
		{19B1FE30-54FA-44D7-A112-A7C174EDF004}.Debug|Any CPU.Build.0 = Debug|Any CPU
		{19B1FE30-54FA-44D7-A112-A7C174EDF004}.Release|Any CPU.ActiveCfg = Release|Any CPU
		{19B1FE30-54FA-44D7-A112-A7C174EDF004}.Release|Any CPU.Build.0 = Release|Any CPU
	EndGlobalSection
	GlobalSection(SolutionProperties) = preSolution
		HideSolutionNode = FALSE
	EndGlobalSection
	GlobalSection(ExtensibilityGlobals) = postSolution
		SolutionGuid = {AF5C84F0-36A1-4C7D-9F3C-5B5415879979}
	EndGlobalSection
EndGlobal
